
Microsoft Visual Studio Solution File, Format Version 12.00
# Visual Studio 14
VisualStudioVersion = 14.0.25123.0
MinimumVisualStudioVersion = 10.0.40219.1
Project("{FAE04EC0-301F-11D3-BF4B-00C04F79EFBC}") = "MugenSandbox.Core", "MugenSandbox.Core\MugenSandbox.Core.csproj", "{81253509-2342-44C3-A146-67AE5DA00873}"
EndProject
Project("{FAE04EC0-301F-11D3-BF4B-00C04F79EFBC}") = "MugenSandbox.iOS", "MugenSandbox.iOS\MugenSandbox.iOS.csproj", "{89415567-EAFB-4862-A6ED-D661B41DBB12}"
EndProject
Project("{FAE04EC0-301F-11D3-BF4B-00C04F79EFBC}") = "MugenMvvmToolkit.AutofacContainer(PCL)", "Mvvm\IocContainers\MugenMvvmToolkit.AutofacContainer(PCL)\MugenMvvmToolkit.AutofacContainer(PCL).csproj", "{C66077D8-DBFD-479D-ADAB-BF569263E914}"
EndProject
Project("{FAE04EC0-301F-11D3-BF4B-00C04F79EFBC}") = "MugenMvvmToolkit.Binding(PCL_WinRT)", "Mvvm\Core\MugenMvvmToolkit.Binding(PCL_WinRT)\MugenMvvmToolkit.Binding(PCL_WinRT).csproj", "{BD7749AB-822F-4ED2-BB75-0FEF2B9AD453}"
EndProject
Project("{FAE04EC0-301F-11D3-BF4B-00C04F79EFBC}") = "MugenMvvmToolkit.Core(PCL_WinRT)", "Mvvm\Core\MugenMvvmToolkit.Core(PCL_WinRT)\MugenMvvmToolkit.Core(PCL_WinRT).csproj", "{F4323E9E-1608-429B-83DC-6A3670761850}"
EndProject
Project("{FAE04EC0-301F-11D3-BF4B-00C04F79EFBC}") = "MugenMvvmToolkit.iOS", "Mvvm\Platforms\MugenMvvmToolkit.iOS\MugenMvvmToolkit.iOS.csproj", "{AB8F3108-C83F-4169-8DFC-988EC64CCD37}"
EndProject
Project("{2150E333-8FDC-42A3-9474-1A3956D46DE8}") = "Mvvm", "Mvvm", "{19C85126-3460-4E4D-BB48-A039C40650AC}"
EndProject
Global
	GlobalSection(SolutionConfigurationPlatforms) = preSolution
		Ad-Hoc|Any CPU = Ad-Hoc|Any CPU
		Ad-Hoc|iPhone = Ad-Hoc|iPhone
		Ad-Hoc|iPhoneSimulator = Ad-Hoc|iPhoneSimulator
		AppStore|Any CPU = AppStore|Any CPU
		AppStore|iPhone = AppStore|iPhone
		AppStore|iPhoneSimulator = AppStore|iPhoneSimulator
		Debug|Any CPU = Debug|Any CPU
		Debug|iPhone = Debug|iPhone
		Debug|iPhoneSimulator = Debug|iPhoneSimulator
		Release|Any CPU = Release|Any CPU
		Release|iPhone = Release|iPhone
		Release|iPhoneSimulator = Release|iPhoneSimulator
	EndGlobalSection
	GlobalSection(ProjectConfigurationPlatforms) = postSolution
		{81253509-2342-44C3-A146-67AE5DA00873}.Ad-Hoc|Any CPU.ActiveCfg = Release|Any CPU
		{81253509-2342-44C3-A146-67AE5DA00873}.Ad-Hoc|Any CPU.Build.0 = Release|Any CPU
		{81253509-2342-44C3-A146-67AE5DA00873}.Ad-Hoc|iPhone.ActiveCfg = Release|Any CPU
		{81253509-2342-44C3-A146-67AE5DA00873}.Ad-Hoc|iPhone.Build.0 = Release|Any CPU
		{81253509-2342-44C3-A146-67AE5DA00873}.Ad-Hoc|iPhoneSimulator.ActiveCfg = Release|Any CPU
		{81253509-2342-44C3-A146-67AE5DA00873}.Ad-Hoc|iPhoneSimulator.Build.0 = Release|Any CPU
		{81253509-2342-44C3-A146-67AE5DA00873}.AppStore|Any CPU.ActiveCfg = Release|Any CPU
		{81253509-2342-44C3-A146-67AE5DA00873}.AppStore|Any CPU.Build.0 = Release|Any CPU
		{81253509-2342-44C3-A146-67AE5DA00873}.AppStore|iPhone.ActiveCfg = Release|Any CPU
		{81253509-2342-44C3-A146-67AE5DA00873}.AppStore|iPhone.Build.0 = Release|Any CPU
		{81253509-2342-44C3-A146-67AE5DA00873}.AppStore|iPhoneSimulator.ActiveCfg = Release|Any CPU
		{81253509-2342-44C3-A146-67AE5DA00873}.AppStore|iPhoneSimulator.Build.0 = Release|Any CPU
		{81253509-2342-44C3-A146-67AE5DA00873}.Debug|Any CPU.ActiveCfg = Debug|Any CPU
		{81253509-2342-44C3-A146-67AE5DA00873}.Debug|Any CPU.Build.0 = Debug|Any CPU
		{81253509-2342-44C3-A146-67AE5DA00873}.Debug|iPhone.ActiveCfg = Debug|Any CPU
		{81253509-2342-44C3-A146-67AE5DA00873}.Debug|iPhone.Build.0 = Debug|Any CPU
		{81253509-2342-44C3-A146-67AE5DA00873}.Debug|iPhoneSimulator.ActiveCfg = Debug|Any CPU
		{81253509-2342-44C3-A146-67AE5DA00873}.Debug|iPhoneSimulator.Build.0 = Debug|Any CPU
		{81253509-2342-44C3-A146-67AE5DA00873}.Release|Any CPU.ActiveCfg = Release|Any CPU
		{81253509-2342-44C3-A146-67AE5DA00873}.Release|Any CPU.Build.0 = Release|Any CPU
		{81253509-2342-44C3-A146-67AE5DA00873}.Release|iPhone.ActiveCfg = Release|Any CPU
		{81253509-2342-44C3-A146-67AE5DA00873}.Release|iPhone.Build.0 = Release|Any CPU
		{81253509-2342-44C3-A146-67AE5DA00873}.Release|iPhoneSimulator.ActiveCfg = Release|Any CPU
		{81253509-2342-44C3-A146-67AE5DA00873}.Release|iPhoneSimulator.Build.0 = Release|Any CPU
		{89415567-EAFB-4862-A6ED-D661B41DBB12}.Ad-Hoc|Any CPU.ActiveCfg = Ad-Hoc|iPhone
		{89415567-EAFB-4862-A6ED-D661B41DBB12}.Ad-Hoc|iPhone.ActiveCfg = Ad-Hoc|iPhone
		{89415567-EAFB-4862-A6ED-D661B41DBB12}.Ad-Hoc|iPhone.Build.0 = Ad-Hoc|iPhone
		{89415567-EAFB-4862-A6ED-D661B41DBB12}.Ad-Hoc|iPhoneSimulator.ActiveCfg = Ad-Hoc|iPhoneSimulator
		{89415567-EAFB-4862-A6ED-D661B41DBB12}.Ad-Hoc|iPhoneSimulator.Build.0 = Ad-Hoc|iPhoneSimulator
		{89415567-EAFB-4862-A6ED-D661B41DBB12}.AppStore|Any CPU.ActiveCfg = AppStore|iPhone
		{89415567-EAFB-4862-A6ED-D661B41DBB12}.AppStore|iPhone.ActiveCfg = AppStore|iPhone
		{89415567-EAFB-4862-A6ED-D661B41DBB12}.AppStore|iPhone.Build.0 = AppStore|iPhone
		{89415567-EAFB-4862-A6ED-D661B41DBB12}.AppStore|iPhoneSimulator.ActiveCfg = AppStore|iPhoneSimulator
		{89415567-EAFB-4862-A6ED-D661B41DBB12}.AppStore|iPhoneSimulator.Build.0 = AppStore|iPhoneSimulator
		{89415567-EAFB-4862-A6ED-D661B41DBB12}.Debug|Any CPU.ActiveCfg = Debug|iPhone
		{89415567-EAFB-4862-A6ED-D661B41DBB12}.Debug|iPhone.ActiveCfg = Debug|iPhone
		{89415567-EAFB-4862-A6ED-D661B41DBB12}.Debug|iPhone.Build.0 = Debug|iPhone
		{89415567-EAFB-4862-A6ED-D661B41DBB12}.Debug|iPhoneSimulator.ActiveCfg = Debug|iPhoneSimulator
		{89415567-EAFB-4862-A6ED-D661B41DBB12}.Debug|iPhoneSimulator.Build.0 = Debug|iPhoneSimulator
		{89415567-EAFB-4862-A6ED-D661B41DBB12}.Release|Any CPU.ActiveCfg = Release|iPhone
		{89415567-EAFB-4862-A6ED-D661B41DBB12}.Release|iPhone.ActiveCfg = Release|iPhone
		{89415567-EAFB-4862-A6ED-D661B41DBB12}.Release|iPhone.Build.0 = Release|iPhone
		{89415567-EAFB-4862-A6ED-D661B41DBB12}.Release|iPhoneSimulator.ActiveCfg = Release|iPhoneSimulator
		{89415567-EAFB-4862-A6ED-D661B41DBB12}.Release|iPhoneSimulator.Build.0 = Release|iPhoneSimulator
		{C66077D8-DBFD-479D-ADAB-BF569263E914}.Ad-Hoc|Any CPU.ActiveCfg = Release|Any CPU
		{C66077D8-DBFD-479D-ADAB-BF569263E914}.Ad-Hoc|Any CPU.Build.0 = Release|Any CPU
		{C66077D8-DBFD-479D-ADAB-BF569263E914}.Ad-Hoc|iPhone.ActiveCfg = Release|Any CPU
		{C66077D8-DBFD-479D-ADAB-BF569263E914}.Ad-Hoc|iPhone.Build.0 = Release|Any CPU
		{C66077D8-DBFD-479D-ADAB-BF569263E914}.Ad-Hoc|iPhoneSimulator.ActiveCfg = Release|Any CPU
		{C66077D8-DBFD-479D-ADAB-BF569263E914}.Ad-Hoc|iPhoneSimulator.Build.0 = Release|Any CPU
		{C66077D8-DBFD-479D-ADAB-BF569263E914}.AppStore|Any CPU.ActiveCfg = Release|Any CPU
		{C66077D8-DBFD-479D-ADAB-BF569263E914}.AppStore|Any CPU.Build.0 = Release|Any CPU
		{C66077D8-DBFD-479D-ADAB-BF569263E914}.AppStore|iPhone.ActiveCfg = Release|Any CPU
		{C66077D8-DBFD-479D-ADAB-BF569263E914}.AppStore|iPhone.Build.0 = Release|Any CPU
		{C66077D8-DBFD-479D-ADAB-BF569263E914}.AppStore|iPhoneSimulator.ActiveCfg = Release|Any CPU
		{C66077D8-DBFD-479D-ADAB-BF569263E914}.AppStore|iPhoneSimulator.Build.0 = Release|Any CPU
		{C66077D8-DBFD-479D-ADAB-BF569263E914}.Debug|Any CPU.ActiveCfg = Debug|Any CPU
		{C66077D8-DBFD-479D-ADAB-BF569263E914}.Debug|Any CPU.Build.0 = Debug|Any CPU
		{C66077D8-DBFD-479D-ADAB-BF569263E914}.Debug|iPhone.ActiveCfg = Debug|Any CPU
		{C66077D8-DBFD-479D-ADAB-BF569263E914}.Debug|iPhone.Build.0 = Debug|Any CPU
		{C66077D8-DBFD-479D-ADAB-BF569263E914}.Debug|iPhoneSimulator.ActiveCfg = Debug|Any CPU
		{C66077D8-DBFD-479D-ADAB-BF569263E914}.Debug|iPhoneSimulator.Build.0 = Debug|Any CPU
		{C66077D8-DBFD-479D-ADAB-BF569263E914}.Release|Any CPU.ActiveCfg = Release|Any CPU
		{C66077D8-DBFD-479D-ADAB-BF569263E914}.Release|Any CPU.Build.0 = Release|Any CPU
		{C66077D8-DBFD-479D-ADAB-BF569263E914}.Release|iPhone.ActiveCfg = Release|Any CPU
		{C66077D8-DBFD-479D-ADAB-BF569263E914}.Release|iPhone.Build.0 = Release|Any CPU
		{C66077D8-DBFD-479D-ADAB-BF569263E914}.Release|iPhoneSimulator.ActiveCfg = Release|Any CPU
		{C66077D8-DBFD-479D-ADAB-BF569263E914}.Release|iPhoneSimulator.Build.0 = Release|Any CPU
		{BD7749AB-822F-4ED2-BB75-0FEF2B9AD453}.Ad-Hoc|Any CPU.ActiveCfg = Release|Any CPU
		{BD7749AB-822F-4ED2-BB75-0FEF2B9AD453}.Ad-Hoc|Any CPU.Build.0 = Release|Any CPU
		{BD7749AB-822F-4ED2-BB75-0FEF2B9AD453}.Ad-Hoc|iPhone.ActiveCfg = Release|Any CPU
		{BD7749AB-822F-4ED2-BB75-0FEF2B9AD453}.Ad-Hoc|iPhone.Build.0 = Release|Any CPU
		{BD7749AB-822F-4ED2-BB75-0FEF2B9AD453}.Ad-Hoc|iPhoneSimulator.ActiveCfg = Release|Any CPU
		{BD7749AB-822F-4ED2-BB75-0FEF2B9AD453}.Ad-Hoc|iPhoneSimulator.Build.0 = Release|Any CPU
		{BD7749AB-822F-4ED2-BB75-0FEF2B9AD453}.AppStore|Any CPU.ActiveCfg = Release|Any CPU
		{BD7749AB-822F-4ED2-BB75-0FEF2B9AD453}.AppStore|Any CPU.Build.0 = Release|Any CPU
		{BD7749AB-822F-4ED2-BB75-0FEF2B9AD453}.AppStore|iPhone.ActiveCfg = Release|Any CPU
		{BD7749AB-822F-4ED2-BB75-0FEF2B9AD453}.AppStore|iPhone.Build.0 = Release|Any CPU
		{BD7749AB-822F-4ED2-BB75-0FEF2B9AD453}.AppStore|iPhoneSimulator.ActiveCfg = Release|Any CPU
		{BD7749AB-822F-4ED2-BB75-0FEF2B9AD453}.AppStore|iPhoneSimulator.Build.0 = Release|Any CPU
		{BD7749AB-822F-4ED2-BB75-0FEF2B9AD453}.Debug|Any CPU.ActiveCfg = Debug|Any CPU
		{BD7749AB-822F-4ED2-BB75-0FEF2B9AD453}.Debug|Any CPU.Build.0 = Debug|Any CPU
		{BD7749AB-822F-4ED2-BB75-0FEF2B9AD453}.Debug|iPhone.ActiveCfg = Debug|Any CPU
		{BD7749AB-822F-4ED2-BB75-0FEF2B9AD453}.Debug|iPhone.Build.0 = Debug|Any CPU
		{BD7749AB-822F-4ED2-BB75-0FEF2B9AD453}.Debug|iPhoneSimulator.ActiveCfg = Debug|Any CPU
		{BD7749AB-822F-4ED2-BB75-0FEF2B9AD453}.Debug|iPhoneSimulator.Build.0 = Debug|Any CPU
		{BD7749AB-822F-4ED2-BB75-0FEF2B9AD453}.Release|Any CPU.ActiveCfg = Release|Any CPU
		{BD7749AB-822F-4ED2-BB75-0FEF2B9AD453}.Release|Any CPU.Build.0 = Release|Any CPU
		{BD7749AB-822F-4ED2-BB75-0FEF2B9AD453}.Release|iPhone.ActiveCfg = Release|Any CPU
		{BD7749AB-822F-4ED2-BB75-0FEF2B9AD453}.Release|iPhone.Build.0 = Release|Any CPU
		{BD7749AB-822F-4ED2-BB75-0FEF2B9AD453}.Release|iPhoneSimulator.ActiveCfg = Release|Any CPU
		{BD7749AB-822F-4ED2-BB75-0FEF2B9AD453}.Release|iPhoneSimulator.Build.0 = Release|Any CPU
		{F4323E9E-1608-429B-83DC-6A3670761850}.Ad-Hoc|Any CPU.ActiveCfg = Release|Any CPU
		{F4323E9E-1608-429B-83DC-6A3670761850}.Ad-Hoc|Any CPU.Build.0 = Release|Any CPU
		{F4323E9E-1608-429B-83DC-6A3670761850}.Ad-Hoc|iPhone.ActiveCfg = Release|Any CPU
		{F4323E9E-1608-429B-83DC-6A3670761850}.Ad-Hoc|iPhone.Build.0 = Release|Any CPU
		{F4323E9E-1608-429B-83DC-6A3670761850}.Ad-Hoc|iPhoneSimulator.ActiveCfg = Release|Any CPU
		{F4323E9E-1608-429B-83DC-6A3670761850}.Ad-Hoc|iPhoneSimulator.Build.0 = Release|Any CPU
		{F4323E9E-1608-429B-83DC-6A3670761850}.AppStore|Any CPU.ActiveCfg = Release|Any CPU
		{F4323E9E-1608-429B-83DC-6A3670761850}.AppStore|Any CPU.Build.0 = Release|Any CPU
		{F4323E9E-1608-429B-83DC-6A3670761850}.AppStore|iPhone.ActiveCfg = Release|Any CPU
		{F4323E9E-1608-429B-83DC-6A3670761850}.AppStore|iPhone.Build.0 = Release|Any CPU
		{F4323E9E-1608-429B-83DC-6A3670761850}.AppStore|iPhoneSimulator.ActiveCfg = Release|Any CPU
		{F4323E9E-1608-429B-83DC-6A3670761850}.AppStore|iPhoneSimulator.Build.0 = Release|Any CPU
		{F4323E9E-1608-429B-83DC-6A3670761850}.Debug|Any CPU.ActiveCfg = Debug|Any CPU
		{F4323E9E-1608-429B-83DC-6A3670761850}.Debug|Any CPU.Build.0 = Debug|Any CPU
		{F4323E9E-1608-429B-83DC-6A3670761850}.Debug|iPhone.ActiveCfg = Debug|Any CPU
		{F4323E9E-1608-429B-83DC-6A3670761850}.Debug|iPhone.Build.0 = Debug|Any CPU
		{F4323E9E-1608-429B-83DC-6A3670761850}.Debug|iPhoneSimulator.ActiveCfg = Debug|Any CPU
		{F4323E9E-1608-429B-83DC-6A3670761850}.Debug|iPhoneSimulator.Build.0 = Debug|Any CPU
		{F4323E9E-1608-429B-83DC-6A3670761850}.Release|Any CPU.ActiveCfg = Release|Any CPU
		{F4323E9E-1608-429B-83DC-6A3670761850}.Release|Any CPU.Build.0 = Release|Any CPU
		{F4323E9E-1608-429B-83DC-6A3670761850}.Release|iPhone.ActiveCfg = Release|Any CPU
		{F4323E9E-1608-429B-83DC-6A3670761850}.Release|iPhone.Build.0 = Release|Any CPU
		{F4323E9E-1608-429B-83DC-6A3670761850}.Release|iPhoneSimulator.ActiveCfg = Release|Any CPU
		{F4323E9E-1608-429B-83DC-6A3670761850}.Release|iPhoneSimulator.Build.0 = Release|Any CPU
		{AB8F3108-C83F-4169-8DFC-988EC64CCD37}.Ad-Hoc|Any CPU.ActiveCfg = Release|Any CPU
		{AB8F3108-C83F-4169-8DFC-988EC64CCD37}.Ad-Hoc|Any CPU.Build.0 = Release|Any CPU
		{AB8F3108-C83F-4169-8DFC-988EC64CCD37}.Ad-Hoc|iPhone.ActiveCfg = Release|Any CPU
		{AB8F3108-C83F-4169-8DFC-988EC64CCD37}.Ad-Hoc|iPhone.Build.0 = Release|Any CPU
		{AB8F3108-C83F-4169-8DFC-988EC64CCD37}.Ad-Hoc|iPhoneSimulator.ActiveCfg = Release|Any CPU
		{AB8F3108-C83F-4169-8DFC-988EC64CCD37}.Ad-Hoc|iPhoneSimulator.Build.0 = Release|Any CPU
		{AB8F3108-C83F-4169-8DFC-988EC64CCD37}.AppStore|Any CPU.ActiveCfg = Release|Any CPU
		{AB8F3108-C83F-4169-8DFC-988EC64CCD37}.AppStore|Any CPU.Build.0 = Release|Any CPU
		{AB8F3108-C83F-4169-8DFC-988EC64CCD37}.AppStore|iPhone.ActiveCfg = Release|Any CPU
		{AB8F3108-C83F-4169-8DFC-988EC64CCD37}.AppStore|iPhone.Build.0 = Release|Any CPU
		{AB8F3108-C83F-4169-8DFC-988EC64CCD37}.AppStore|iPhoneSimulator.ActiveCfg = Release|Any CPU
		{AB8F3108-C83F-4169-8DFC-988EC64CCD37}.AppStore|iPhoneSimulator.Build.0 = Release|Any CPU
		{AB8F3108-C83F-4169-8DFC-988EC64CCD37}.Debug|Any CPU.ActiveCfg = Debug|Any CPU
		{AB8F3108-C83F-4169-8DFC-988EC64CCD37}.Debug|Any CPU.Build.0 = Debug|Any CPU
		{AB8F3108-C83F-4169-8DFC-988EC64CCD37}.Debug|iPhone.ActiveCfg = Debug|Any CPU
		{AB8F3108-C83F-4169-8DFC-988EC64CCD37}.Debug|iPhone.Build.0 = Debug|Any CPU
		{AB8F3108-C83F-4169-8DFC-988EC64CCD37}.Debug|iPhoneSimulator.ActiveCfg = Debug|Any CPU
		{AB8F3108-C83F-4169-8DFC-988EC64CCD37}.Debug|iPhoneSimulator.Build.0 = Debug|Any CPU
		{AB8F3108-C83F-4169-8DFC-988EC64CCD37}.Release|Any CPU.ActiveCfg = Release|Any CPU
		{AB8F3108-C83F-4169-8DFC-988EC64CCD37}.Release|Any CPU.Build.0 = Release|Any CPU
		{AB8F3108-C83F-4169-8DFC-988EC64CCD37}.Release|iPhone.ActiveCfg = Release|Any CPU
		{AB8F3108-C83F-4169-8DFC-988EC64CCD37}.Release|iPhone.Build.0 = Release|Any CPU
		{AB8F3108-C83F-4169-8DFC-988EC64CCD37}.Release|iPhoneSimulator.ActiveCfg = Release|Any CPU
		{AB8F3108-C83F-4169-8DFC-988EC64CCD37}.Release|iPhoneSimulator.Build.0 = Release|Any CPU
	EndGlobalSection
	GlobalSection(SolutionProperties) = preSolution
		HideSolutionNode = FALSE
	EndGlobalSection
	GlobalSection(NestedProjects) = preSolution
		{C66077D8-DBFD-479D-ADAB-BF569263E914} = {19C85126-3460-4E4D-BB48-A039C40650AC}
		{BD7749AB-822F-4ED2-BB75-0FEF2B9AD453} = {19C85126-3460-4E4D-BB48-A039C40650AC}
		{F4323E9E-1608-429B-83DC-6A3670761850} = {19C85126-3460-4E4D-BB48-A039C40650AC}
		{AB8F3108-C83F-4169-8DFC-988EC64CCD37} = {19C85126-3460-4E4D-BB48-A039C40650AC}
	EndGlobalSection
EndGlobal
